
Microsoft Visual Studio Solution File, Format Version 12.00
# Visual Studio Version 17
VisualStudioVersion = 17.0.31919.166
MinimumVisualStudioVersion = 10.0.40219.1
Project("{9A19103F-16F7-4668-BE54-9A1E7A4F7556}") = "DynamoDB.Repository", "DynamoDB.Repository\DynamoDB.Repository.csproj", "{4AE39CE0-0267-4382-88A8-FF8BC4C7D2C8}"
EndProject
Project("{2150E333-8FDC-42A3-9474-1A3956D46DE8}") = "Tests", "Tests", "{4B0260CC-A144-4C50-8676-2EEB388316D7}"
EndProject
Project("{9A19103F-16F7-4668-BE54-9A1E7A4F7556}") = "DynamoDB.Repository.IntgTests", "DynamoDBRepository.IntgTests\DynamoDB.Repository.IntgTests.csproj", "{52ED614B-BEA9-4D6C-860C-EE48F50D0721}"
EndProject
Project("{9A19103F-16F7-4668-BE54-9A1E7A4F7556}") = "DynamoDB.Repository.UnitTests", "DynamoDB.Repository.UnitTests\DynamoDB.Repository.UnitTests.csproj", "{551F4636-77E2-4FB2-88CD-9B4C0F0EF43B}"
EndProject
Project("{9A19103F-16F7-4668-BE54-9A1E7A4F7556}") = "TestLambda", "TestLambda\TestLambda.csproj", "{212AF72C-B0CD-490F-B7A6-7568A4823608}"
EndProject
Global
	GlobalSection(SolutionConfigurationPlatforms) = preSolution
		Debug|Any CPU = Debug|Any CPU
		Release|Any CPU = Release|Any CPU
	EndGlobalSection
	GlobalSection(ProjectConfigurationPlatforms) = postSolution
		{4AE39CE0-0267-4382-88A8-FF8BC4C7D2C8}.Debug|Any CPU.ActiveCfg = Debug|Any CPU
		{4AE39CE0-0267-4382-88A8-FF8BC4C7D2C8}.Debug|Any CPU.Build.0 = Debug|Any CPU
		{4AE39CE0-0267-4382-88A8-FF8BC4C7D2C8}.Release|Any CPU.ActiveCfg = Release|Any CPU
		{4AE39CE0-0267-4382-88A8-FF8BC4C7D2C8}.Release|Any CPU.Build.0 = Release|Any CPU
		{52ED614B-BEA9-4D6C-860C-EE48F50D0721}.Debug|Any CPU.ActiveCfg = Debug|Any CPU
		{52ED614B-BEA9-4D6C-860C-EE48F50D0721}.Debug|Any CPU.Build.0 = Debug|Any CPU
		{52ED614B-BEA9-4D6C-860C-EE48F50D0721}.Release|Any CPU.ActiveCfg = Release|Any CPU
		{52ED614B-BEA9-4D6C-860C-EE48F50D0721}.Release|Any CPU.Build.0 = Release|Any CPU
		{551F4636-77E2-4FB2-88CD-9B4C0F0EF43B}.Debug|Any CPU.ActiveCfg = Debug|Any CPU
		{551F4636-77E2-4FB2-88CD-9B4C0F0EF43B}.Debug|Any CPU.Build.0 = Debug|Any CPU
		{551F4636-77E2-4FB2-88CD-9B4C0F0EF43B}.Release|Any CPU.ActiveCfg = Release|Any CPU
		{551F4636-77E2-4FB2-88CD-9B4C0F0EF43B}.Release|Any CPU.Build.0 = Release|Any CPU
		{212AF72C-B0CD-490F-B7A6-7568A4823608}.Debug|Any CPU.ActiveCfg = Debug|Any CPU
		{212AF72C-B0CD-490F-B7A6-7568A4823608}.Debug|Any CPU.Build.0 = Debug|Any CPU
		{212AF72C-B0CD-490F-B7A6-7568A4823608}.Release|Any CPU.ActiveCfg = Release|Any CPU
		{212AF72C-B0CD-490F-B7A6-7568A4823608}.Release|Any CPU.Build.0 = Release|Any CPU
	EndGlobalSection
	GlobalSection(SolutionProperties) = preSolution
		HideSolutionNode = FALSE
	EndGlobalSection
	GlobalSection(NestedProjects) = preSolution
		{52ED614B-BEA9-4D6C-860C-EE48F50D0721} = {4B0260CC-A144-4C50-8676-2EEB388316D7}
		{551F4636-77E2-4FB2-88CD-9B4C0F0EF43B} = {4B0260CC-A144-4C50-8676-2EEB388316D7}
	EndGlobalSection
	GlobalSection(ExtensibilityGlobals) = postSolution
		SolutionGuid = {B4A0006D-4304-4993-A7A2-CE690624672F}
	EndGlobalSection
EndGlobal
